
Microsoft Visual Studio Solution File, Format Version 12.00
# Visual Studio Version 16
VisualStudioVersion = 25.0.1705.2
MinimumVisualStudioVersion = 10.0.40219.1
Project("{FAE04EC0-301F-11D3-BF4B-00C04F79EFBC}") = "WebApi", "WebApi\WebApi.csproj", "{60744BB5-B8AC-4946-A9F2-9575EBD9D7D5}"
EndProject
Project("{FAE04EC0-301F-11D3-BF4B-00C04F79EFBC}") = "Domain", "Domain\Domain.csproj", "{F13F25A7-94A9-4B1F-B14C-73AC73D944B9}"
EndProject
Project("{FAE04EC0-301F-11D3-BF4B-00C04F79EFBC}") = "DataAccess", "DataAccess\DataAccess.csproj", "{1AEE0AE5-1052-4777-8383-2DCB44350172}"
EndProject
Project("{FAE04EC0-301F-11D3-BF4B-00C04F79EFBC}") = "IDataAccess", "IDataAccess\IDataAccess.csproj", "{9795B6A4-B9B8-43F0-AC31-36CB109381DC}"
EndProject
Project("{FAE04EC0-301F-11D3-BF4B-00C04F79EFBC}") = "DataAccess.Test", "DataAccess.Test\DataAccess.Test.csproj", "{9175C1F4-EB0C-4FCC-A82B-70B001509BD0}"
EndProject
Project("{FAE04EC0-301F-11D3-BF4B-00C04F79EFBC}") = "Exceptions", "Exceptions\Exceptions.csproj", "{FA6F662A-CD2F-4EBD-A912-6CC2E91976EB}"
EndProject
Project("{FAE04EC0-301F-11D3-BF4B-00C04F79EFBC}") = "BusinessLogic", "BusinessLogic\BusinessLogic.csproj", "{9F31C801-8E0C-4A60-853F-5074817BF668}"
EndProject
Project("{FAE04EC0-301F-11D3-BF4B-00C04F79EFBC}") = "IBusinessLogic", "IBusinessLogic\IBusinessLogic.csproj", "{9E2A63C4-FE1B-4796-BF91-8F4C2189704E}"
EndProject
Project("{FAE04EC0-301F-11D3-BF4B-00C04F79EFBC}") = "BusinessLogic.Test", "BusinessLogic.Test\BusinessLogic.Test.csproj", "{61896747-C2BC-4BC6-8F83-3B2B835E6340}"
EndProject
Project("{FAE04EC0-301F-11D3-BF4B-00C04F79EFBC}") = "WebApi.Test", "WebApi.Test\WebApi.Test.csproj", "{AD6C4DC2-A923-47AD-A7CD-FAEC725D2E75}"
EndProject
Global
	GlobalSection(SolutionConfigurationPlatforms) = preSolution
		Debug|Any CPU = Debug|Any CPU
		Release|Any CPU = Release|Any CPU
	EndGlobalSection
	GlobalSection(ProjectConfigurationPlatforms) = postSolution
		{60744BB5-B8AC-4946-A9F2-9575EBD9D7D5}.Debug|Any CPU.ActiveCfg = Debug|Any CPU
		{60744BB5-B8AC-4946-A9F2-9575EBD9D7D5}.Debug|Any CPU.Build.0 = Debug|Any CPU
		{60744BB5-B8AC-4946-A9F2-9575EBD9D7D5}.Release|Any CPU.ActiveCfg = Release|Any CPU
		{60744BB5-B8AC-4946-A9F2-9575EBD9D7D5}.Release|Any CPU.Build.0 = Release|Any CPU
		{F13F25A7-94A9-4B1F-B14C-73AC73D944B9}.Debug|Any CPU.ActiveCfg = Debug|Any CPU
		{F13F25A7-94A9-4B1F-B14C-73AC73D944B9}.Debug|Any CPU.Build.0 = Debug|Any CPU
		{F13F25A7-94A9-4B1F-B14C-73AC73D944B9}.Release|Any CPU.ActiveCfg = Release|Any CPU
		{F13F25A7-94A9-4B1F-B14C-73AC73D944B9}.Release|Any CPU.Build.0 = Release|Any CPU
		{1AEE0AE5-1052-4777-8383-2DCB44350172}.Debug|Any CPU.ActiveCfg = Debug|Any CPU
		{1AEE0AE5-1052-4777-8383-2DCB44350172}.Debug|Any CPU.Build.0 = Debug|Any CPU
		{1AEE0AE5-1052-4777-8383-2DCB44350172}.Release|Any CPU.ActiveCfg = Release|Any CPU
		{1AEE0AE5-1052-4777-8383-2DCB44350172}.Release|Any CPU.Build.0 = Release|Any CPU
		{9795B6A4-B9B8-43F0-AC31-36CB109381DC}.Debug|Any CPU.ActiveCfg = Debug|Any CPU
		{9795B6A4-B9B8-43F0-AC31-36CB109381DC}.Debug|Any CPU.Build.0 = Debug|Any CPU
		{9795B6A4-B9B8-43F0-AC31-36CB109381DC}.Release|Any CPU.ActiveCfg = Release|Any CPU
		{9795B6A4-B9B8-43F0-AC31-36CB109381DC}.Release|Any CPU.Build.0 = Release|Any CPU
		{9175C1F4-EB0C-4FCC-A82B-70B001509BD0}.Debug|Any CPU.ActiveCfg = Debug|Any CPU
		{9175C1F4-EB0C-4FCC-A82B-70B001509BD0}.Debug|Any CPU.Build.0 = Debug|Any CPU
		{9175C1F4-EB0C-4FCC-A82B-70B001509BD0}.Release|Any CPU.ActiveCfg = Release|Any CPU
		{9175C1F4-EB0C-4FCC-A82B-70B001509BD0}.Release|Any CPU.Build.0 = Release|Any CPU
		{FA6F662A-CD2F-4EBD-A912-6CC2E91976EB}.Debug|Any CPU.ActiveCfg = Debug|Any CPU
		{FA6F662A-CD2F-4EBD-A912-6CC2E91976EB}.Debug|Any CPU.Build.0 = Debug|Any CPU
		{FA6F662A-CD2F-4EBD-A912-6CC2E91976EB}.Release|Any CPU.ActiveCfg = Release|Any CPU
		{FA6F662A-CD2F-4EBD-A912-6CC2E91976EB}.Release|Any CPU.Build.0 = Release|Any CPU
		{9F31C801-8E0C-4A60-853F-5074817BF668}.Debug|Any CPU.ActiveCfg = Debug|Any CPU
		{9F31C801-8E0C-4A60-853F-5074817BF668}.Debug|Any CPU.Build.0 = Debug|Any CPU
		{9F31C801-8E0C-4A60-853F-5074817BF668}.Release|Any CPU.ActiveCfg = Release|Any CPU
		{9F31C801-8E0C-4A60-853F-5074817BF668}.Release|Any CPU.Build.0 = Release|Any CPU
		{9E2A63C4-FE1B-4796-BF91-8F4C2189704E}.Debug|Any CPU.ActiveCfg = Debug|Any CPU
		{9E2A63C4-FE1B-4796-BF91-8F4C2189704E}.Debug|Any CPU.Build.0 = Debug|Any CPU
		{9E2A63C4-FE1B-4796-BF91-8F4C2189704E}.Release|Any CPU.ActiveCfg = Release|Any CPU
		{9E2A63C4-FE1B-4796-BF91-8F4C2189704E}.Release|Any CPU.Build.0 = Release|Any CPU
		{61896747-C2BC-4BC6-8F83-3B2B835E6340}.Debug|Any CPU.ActiveCfg = Debug|Any CPU
		{61896747-C2BC-4BC6-8F83-3B2B835E6340}.Debug|Any CPU.Build.0 = Debug|Any CPU
		{61896747-C2BC-4BC6-8F83-3B2B835E6340}.Release|Any CPU.ActiveCfg = Release|Any CPU
		{61896747-C2BC-4BC6-8F83-3B2B835E6340}.Release|Any CPU.Build.0 = Release|Any CPU
		{AD6C4DC2-A923-47AD-A7CD-FAEC725D2E75}.Debug|Any CPU.ActiveCfg = Debug|Any CPU
		{AD6C4DC2-A923-47AD-A7CD-FAEC725D2E75}.Debug|Any CPU.Build.0 = Debug|Any CPU
		{AD6C4DC2-A923-47AD-A7CD-FAEC725D2E75}.Release|Any CPU.ActiveCfg = Release|Any CPU
		{AD6C4DC2-A923-47AD-A7CD-FAEC725D2E75}.Release|Any CPU.Build.0 = Release|Any CPU
	EndGlobalSection
	GlobalSection(SolutionProperties) = preSolution
		HideSolutionNode = FALSE
	EndGlobalSection
	GlobalSection(ExtensibilityGlobals) = postSolution
		SolutionGuid = {A113FDAA-91B7-469D-8544-5B663B4BAD14}
	EndGlobalSection
EndGlobal
